
Microsoft Visual Studio Solution File, Format Version 12.00
# Visual Studio Version 17
VisualStudioVersion = 17.8.34330.188
MinimumVisualStudioVersion = 10.0.40219.1
Project("{FAE04EC0-301F-11D3-BF4B-00C04F79EFBC}") = "Repitisjon1", "Repitisjon1\Repitisjon1.csproj", "{48B94110-39F8-437E-8552-8DCE5763850D}"
EndProject
Global
	GlobalSection(SolutionConfigurationPlatforms) = preSolution
		Debug|Any CPU = Debug|Any CPU
		Release|Any CPU = Release|Any CPU
	EndGlobalSection
	GlobalSection(ProjectConfigurationPlatforms) = postSolution
		{48B94110-39F8-437E-8552-8DCE5763850D}.Debug|Any CPU.ActiveCfg = Debug|Any CPU
		{48B94110-39F8-437E-8552-8DCE5763850D}.Debug|Any CPU.Build.0 = Debug|Any CPU
		{48B94110-39F8-437E-8552-8DCE5763850D}.Release|Any CPU.ActiveCfg = Release|Any CPU
		{48B94110-39F8-437E-8552-8DCE5763850D}.Release|Any CPU.Build.0 = Release|Any CPU
	EndGlobalSection
	GlobalSection(SolutionProperties) = preSolution
		HideSolutionNode = FALSE
	EndGlobalSection
	GlobalSection(ExtensibilityGlobals) = postSolution
		SolutionGuid = {76EC04AB-CC3E-4CDA-B9FA-E2505A194B3C}
	EndGlobalSection
EndGlobal
